
Microsoft Visual Studio Solution File, Format Version 12.00
# Visual Studio Version 17
VisualStudioVersion = 17.14.36603.0 d17.14
MinimumVisualStudioVersion = 10.0.40219.1
Project("{54A90642-561A-4BB1-A94E-469ADEE60C69}") = "smartparking.client", "smartparking.client\smartparking.client.esproj", "{BF203C4E-A6B4-4113-33C2-706F9C398698}"
EndProject
Project("{FAE04EC0-301F-11D3-BF4B-00C04F79EFBC}") = "SmartParking.Server", "SmartParking.Server\SmartParking.Server.csproj", "{7E5AB6F1-C1A1-4082-BA51-F6233FE00DC3}"
EndProject
Global
	GlobalSection(SolutionConfigurationPlatforms) = preSolution
		Debug|Any CPU = Debug|Any CPU
		Release|Any CPU = Release|Any CPU
	EndGlobalSection
	GlobalSection(ProjectConfigurationPlatforms) = postSolution
		{BF203C4E-A6B4-4113-33C2-706F9C398698}.Debug|Any CPU.ActiveCfg = Debug|Any CPU
		{BF203C4E-A6B4-4113-33C2-706F9C398698}.Debug|Any CPU.Build.0 = Debug|Any CPU
		{BF203C4E-A6B4-4113-33C2-706F9C398698}.Debug|Any CPU.Deploy.0 = Debug|Any CPU
		{BF203C4E-A6B4-4113-33C2-706F9C398698}.Release|Any CPU.ActiveCfg = Release|Any CPU
		{BF203C4E-A6B4-4113-33C2-706F9C398698}.Release|Any CPU.Build.0 = Release|Any CPU
		{BF203C4E-A6B4-4113-33C2-706F9C398698}.Release|Any CPU.Deploy.0 = Release|Any CPU
		{7E5AB6F1-C1A1-4082-BA51-F6233FE00DC3}.Debug|Any CPU.ActiveCfg = Debug|Any CPU
		{7E5AB6F1-C1A1-4082-BA51-F6233FE00DC3}.Debug|Any CPU.Build.0 = Debug|Any CPU
		{7E5AB6F1-C1A1-4082-BA51-F6233FE00DC3}.Release|Any CPU.ActiveCfg = Release|Any CPU
		{7E5AB6F1-C1A1-4082-BA51-F6233FE00DC3}.Release|Any CPU.Build.0 = Release|Any CPU
	EndGlobalSection
	GlobalSection(SolutionProperties) = preSolution
		HideSolutionNode = FALSE
	EndGlobalSection
	GlobalSection(ExtensibilityGlobals) = postSolution
		SolutionGuid = {6354B632-BC7D-49F6-BCC3-D72DC12DE20C}
	EndGlobalSection
EndGlobal
